
Microsoft Visual Studio Solution File, Format Version 12.00
# Visual Studio Version 17
VisualStudioVersion = 17.0.32014.148
MinimumVisualStudioVersion = 10.0.40219.1
Project("{9A19103F-16F7-4668-BE54-9A1E7A4F7556}") = "BibleTextBot.Worker", "src\BibleTextBot.Worker\BibleTextBot.Worker.csproj", "{34FC371D-1EAD-419D-B897-A8D6A1AED21C}"
EndProject
Project("{E53339B2-1760-4266-BCC7-CA923CBCF16C}") = "docker-compose", "docker-compose.dcproj", "{81BF1289-AB3C-4464-884B-F017AA550BB1}"
EndProject
Global
	GlobalSection(SolutionConfigurationPlatforms) = preSolution
		Debug|Any CPU = Debug|Any CPU
		Release|Any CPU = Release|Any CPU
	EndGlobalSection
	GlobalSection(ProjectConfigurationPlatforms) = postSolution
		{34FC371D-1EAD-419D-B897-A8D6A1AED21C}.Debug|Any CPU.ActiveCfg = Debug|Any CPU
		{34FC371D-1EAD-419D-B897-A8D6A1AED21C}.Debug|Any CPU.Build.0 = Debug|Any CPU
		{34FC371D-1EAD-419D-B897-A8D6A1AED21C}.Release|Any CPU.ActiveCfg = Release|Any CPU
		{34FC371D-1EAD-419D-B897-A8D6A1AED21C}.Release|Any CPU.Build.0 = Release|Any CPU
		{81BF1289-AB3C-4464-884B-F017AA550BB1}.Debug|Any CPU.ActiveCfg = Debug|Any CPU
		{81BF1289-AB3C-4464-884B-F017AA550BB1}.Debug|Any CPU.Build.0 = Debug|Any CPU
		{81BF1289-AB3C-4464-884B-F017AA550BB1}.Release|Any CPU.ActiveCfg = Release|Any CPU
		{81BF1289-AB3C-4464-884B-F017AA550BB1}.Release|Any CPU.Build.0 = Release|Any CPU
	EndGlobalSection
	GlobalSection(SolutionProperties) = preSolution
		HideSolutionNode = FALSE
	EndGlobalSection
	GlobalSection(ExtensibilityGlobals) = postSolution
		SolutionGuid = {21A552B4-1EBC-4695-AD97-2F64EA18F2F4}
	EndGlobalSection
EndGlobal
